// !$*UTF8*$!
{
	archiveVersion = 1;
	classes = {
	};
	objectVersion = 56;
	objects = {

/* Begin PBXBuildFile section */
		9D2310762951B1D300D559EB /* iTunesAPI.swift in Sources */ = {isa = PBXBuildFile; fileRef = 9D2310752951B1D300D559EB /* iTunesAPI.swift */; };
		9DB2131D2951E1A700FD4BF4 /* PodcastResponse.swift in Sources */ = {isa = PBXBuildFile; fileRef = 9DB2131C2951E1A700FD4BF4 /* PodcastResponse.swift */; };
		9DB213202952188C00FD4BF4 /* Podcast.swift in Sources */ = {isa = PBXBuildFile; fileRef = 9DB2131F2952188C00FD4BF4 /* Podcast.swift */; };
		9DF3843A295310BF0078DE3B /* MainView.swift in Sources */ = {isa = PBXBuildFile; fileRef = 9DF38439295310BF0078DE3B /* MainView.swift */; };
		9DF4DA2F294C801C0026C42E /* AppDelegate.swift in Sources */ = {isa = PBXBuildFile; fileRef = 9DF4DA2E294C801C0026C42E /* AppDelegate.swift */; };
		9DF4DA31294C801C0026C42E /* SceneDelegate.swift in Sources */ = {isa = PBXBuildFile; fileRef = 9DF4DA30294C801C0026C42E /* SceneDelegate.swift */; };
		9DF4DA33294C801C0026C42E /* MainViewController.swift in Sources */ = {isa = PBXBuildFile; fileRef = 9DF4DA32294C801C0026C42E /* MainViewController.swift */; };
		9DF4DA38294C801D0026C42E /* Assets.xcassets in Resources */ = {isa = PBXBuildFile; fileRef = 9DF4DA37294C801D0026C42E /* Assets.xcassets */; };
		9DF4DA3B294C801D0026C42E /* LaunchScreen.storyboard in Resources */ = {isa = PBXBuildFile; fileRef = 9DF4DA39294C801D0026C42E /* LaunchScreen.storyboard */; };
/* End PBXBuildFile section */

/* Begin PBXFileReference section */
		9D2310752951B1D300D559EB /* iTunesAPI.swift */ = {isa = PBXFileReference; lastKnownFileType = sourcecode.swift; path = iTunesAPI.swift; sourceTree = "<group>"; };
		9DB2131C2951E1A700FD4BF4 /* PodcastResponse.swift */ = {isa = PBXFileReference; lastKnownFileType = sourcecode.swift; path = PodcastResponse.swift; sourceTree = "<group>"; };
		9DB2131F2952188C00FD4BF4 /* Podcast.swift */ = {isa = PBXFileReference; lastKnownFileType = sourcecode.swift; path = Podcast.swift; sourceTree = "<group>"; };
		9DF38439295310BF0078DE3B /* MainView.swift */ = {isa = PBXFileReference; lastKnownFileType = sourcecode.swift; path = MainView.swift; sourceTree = "<group>"; };
		9DF4DA2B294C801C0026C42E /* iTunes App.app */ = {isa = PBXFileReference; explicitFileType = wrapper.application; includeInIndex = 0; path = "iTunes App.app"; sourceTree = BUILT_PRODUCTS_DIR; };
		9DF4DA2E294C801C0026C42E /* AppDelegate.swift */ = {isa = PBXFileReference; lastKnownFileType = sourcecode.swift; path = AppDelegate.swift; sourceTree = "<group>"; };
		9DF4DA30294C801C0026C42E /* SceneDelegate.swift */ = {isa = PBXFileReference; lastKnownFileType = sourcecode.swift; path = SceneDelegate.swift; sourceTree = "<group>"; };
		9DF4DA32294C801C0026C42E /* MainViewController.swift */ = {isa = PBXFileReference; lastKnownFileType = sourcecode.swift; path = MainViewController.swift; sourceTree = "<group>"; };
		9DF4DA37294C801D0026C42E /* Assets.xcassets */ = {isa = PBXFileReference; lastKnownFileType = folder.assetcatalog; path = Assets.xcassets; sourceTree = "<group>"; };
		9DF4DA3A294C801D0026C42E /* Base */ = {isa = PBXFileReference; lastKnownFileType = file.storyboard; name = Base; path = Base.lproj/LaunchScreen.storyboard; sourceTree = "<group>"; };
		9DF4DA3C294C801D0026C42E /* Info.plist */ = {isa = PBXFileReference; lastKnownFileType = text.plist.xml; path = Info.plist; sourceTree = "<group>"; };
/* End PBXFileReference section */

/* Begin PBXFrameworksBuildPhase section */
		9DF4DA28294C801C0026C42E /* Frameworks */ = {
			isa = PBXFrameworksBuildPhase;
			buildActionMask = 2147483647;
			files = (
			);
			runOnlyForDeploymentPostprocessing = 0;
		};
/* End PBXFrameworksBuildPhase section */

/* Begin PBXGroup section */
		9D06A91D294C970A003C5846 /* Model */ = {
			isa = PBXGroup;
			children = (
				9DB2131C2951E1A700FD4BF4 /* PodcastResponse.swift */,
				9DB2131F2952188C00FD4BF4 /* Podcast.swift */,
			);
			path = Model;
			sourceTree = "<group>";
		};
		9D06A91F294C9761003C5846 /* Main */ = {
			isa = PBXGroup;
			children = (
				9D06A91D294C970A003C5846 /* Model */,
				9DF4DA45294C80B40026C42E /* View */,
				9DF4DA49294C89450026C42E /* Controller */,
			);
			path = Main;
			sourceTree = "<group>";
		};
		9D2310732951B1BE00D559EB /* Core */ = {
			isa = PBXGroup;
			children = (
				9D2310742951B1C600D559EB /* Network */,
			);
			path = Core;
			sourceTree = "<group>";
		};
		9D2310742951B1C600D559EB /* Network */ = {
			isa = PBXGroup;
			children = (
				9D2310752951B1D300D559EB /* iTunesAPI.swift */,
			);
			path = Network;
			sourceTree = "<group>";
		};
		9DF4DA22294C801C0026C42E = {
			isa = PBXGroup;
			children = (
				9DF4DA2D294C801C0026C42E /* iTunes App */,
				9DF4DA2C294C801C0026C42E /* Products */,
			);
			sourceTree = "<group>";
		};
		9DF4DA2C294C801C0026C42E /* Products */ = {
			isa = PBXGroup;
			children = (
				9DF4DA2B294C801C0026C42E /* iTunes App.app */,
			);
			name = Products;
			sourceTree = "<group>";
		};
		9DF4DA2D294C801C0026C42E /* iTunes App */ = {
			isa = PBXGroup;
			children = (
				9DF4DA42294C809A0026C42E /* App */,
				9DF4DA43294C809E0026C42E /* Screens */,
			);
			path = "iTunes App";
			sourceTree = "<group>";
		};
		9DF4DA42294C809A0026C42E /* App */ = {
			isa = PBXGroup;
			children = (
				9D2310732951B1BE00D559EB /* Core */,
				9DF4DA46294C80C10026C42E /* Assets */,
				9DF4DA48294C80ED0026C42E /* Delegates */,
				9DF4DA44294C80A70026C42E /* Plists */,
				9DF4DA47294C80E40026C42E /* Views */,
			);
			path = App;
			sourceTree = "<group>";
		};
		9DF4DA43294C809E0026C42E /* Screens */ = {
			isa = PBXGroup;
			children = (
				9D06A91F294C9761003C5846 /* Main */,
			);
			path = Screens;
			sourceTree = "<group>";
		};
		9DF4DA44294C80A70026C42E /* Plists */ = {
			isa = PBXGroup;
			children = (
				9DF4DA3C294C801D0026C42E /* Info.plist */,
			);
			path = Plists;
			sourceTree = "<group>";
		};
		9DF4DA45294C80B40026C42E /* View */ = {
			isa = PBXGroup;
			children = (
				9DF38439295310BF0078DE3B /* MainView.swift */,
			);
			path = View;
			sourceTree = "<group>";
		};
		9DF4DA46294C80C10026C42E /* Assets */ = {
			isa = PBXGroup;
			children = (
				9DF4DA37294C801D0026C42E /* Assets.xcassets */,
			);
			path = Assets;
			sourceTree = "<group>";
		};
		9DF4DA47294C80E40026C42E /* Views */ = {
			isa = PBXGroup;
			children = (
				9DF4DA39294C801D0026C42E /* LaunchScreen.storyboard */,
			);
			path = Views;
			sourceTree = "<group>";
		};
		9DF4DA48294C80ED0026C42E /* Delegates */ = {
			isa = PBXGroup;
			children = (
				9DF4DA2E294C801C0026C42E /* AppDelegate.swift */,
				9DF4DA30294C801C0026C42E /* SceneDelegate.swift */,
			);
			path = Delegates;
			sourceTree = "<group>";
		};
		9DF4DA49294C89450026C42E /* Controller */ = {
			isa = PBXGroup;
			children = (
				9DF4DA32294C801C0026C42E /* MainViewController.swift */,
			);
			path = Controller;
			sourceTree = "<group>";
		};
/* End PBXGroup section */

/* Begin PBXNativeTarget section */
		9DF4DA2A294C801C0026C42E /* iTunes App */ = {
			isa = PBXNativeTarget;
			buildConfigurationList = 9DF4DA3F294C801D0026C42E /* Build configuration list for PBXNativeTarget "iTunes App" */;
			buildPhases = (
				9DF4DA27294C801C0026C42E /* Sources */,
				9DF4DA28294C801C0026C42E /* Frameworks */,
				9DF4DA29294C801C0026C42E /* Resources */,
			);
			buildRules = (
			);
			dependencies = (
			);
			name = "iTunes App";
			productName = "iTunes App";
			productReference = 9DF4DA2B294C801C0026C42E /* iTunes App.app */;
			productType = "com.apple.product-type.application";
		};
/* End PBXNativeTarget section */

/* Begin PBXProject section */
		9DF4DA23294C801C0026C42E /* Project object */ = {
			isa = PBXProject;
			attributes = {
				BuildIndependentTargetsInParallel = 1;
				LastSwiftUpdateCheck = 1420;
				LastUpgradeCheck = 1420;
				TargetAttributes = {
					9DF4DA2A294C801C0026C42E = {
						CreatedOnToolsVersion = 14.2;
					};
				};
			};
			buildConfigurationList = 9DF4DA26294C801C0026C42E /* Build configuration list for PBXProject "iTunes App" */;
			compatibilityVersion = "Xcode 14.0";
			developmentRegion = en;
			hasScannedForEncodings = 0;
			knownRegions = (
				en,
				Base,
			);
			mainGroup = 9DF4DA22294C801C0026C42E;
			productRefGroup = 9DF4DA2C294C801C0026C42E /* Products */;
			projectDirPath = "";
			projectRoot = "";
			targets = (
				9DF4DA2A294C801C0026C42E /* iTunes App */,
			);
		};
/* End PBXProject section */

/* Begin PBXResourcesBuildPhase section */
		9DF4DA29294C801C0026C42E /* Resources */ = {
			isa = PBXResourcesBuildPhase;
			buildActionMask = 2147483647;
			files = (
				9DF4DA3B294C801D0026C42E /* LaunchScreen.storyboard in Resources */,
				9DF4DA38294C801D0026C42E /* Assets.xcassets in Resources */,
			);
			runOnlyForDeploymentPostprocessing = 0;
		};
/* End PBXResourcesBuildPhase section */

/* Begin PBXSourcesBuildPhase section */
		9DF4DA27294C801C0026C42E /* Sources */ = {
			isa = PBXSourcesBuildPhase;
			buildActionMask = 2147483647;
			files = (
				9DB2131D2951E1A700FD4BF4 /* PodcastResponse.swift in Sources */,
				9DF3843A295310BF0078DE3B /* MainView.swift in Sources */,
				9D2310762951B1D300D559EB /* iTunesAPI.swift in Sources */,
				9DB213202952188C00FD4BF4 /* Podcast.swift in Sources */,
				9DF4DA33294C801C0026C42E /* MainViewController.swift in Sources */,
				9DF4DA2F294C801C0026C42E /* AppDelegate.swift in Sources */,
				9DF4DA31294C801C0026C42E /* SceneDelegate.swift in Sources */,
			);
			runOnlyForDeploymentPostprocessing = 0;
		};
/* End PBXSourcesBuildPhase section */

/* Begin PBXVariantGroup section */
		9DF4DA39294C801D0026C42E /* LaunchScreen.storyboard */ = {
			isa = PBXVariantGroup;
			children = (
				9DF4DA3A294C801D0026C42E /* Base */,
			);
			name = LaunchScreen.storyboard;
			sourceTree = "<group>";
		};
/* End PBXVariantGroup section */

/* Begin XCBuildConfiguration section */
		9DF4DA3D294C801D0026C42E /* Debug */ = {
			isa = XCBuildConfiguration;
			buildSettings = {
				ALWAYS_SEARCH_USER_PATHS = NO;
				CLANG_ANALYZER_NONNULL = YES;
				CLANG_ANALYZER_NUMBER_OBJECT_CONVERSION = YES_AGGRESSIVE;
				CLANG_CXX_LANGUAGE_STANDARD = "gnu++20";
				CLANG_ENABLE_MODULES = YES;
				CLANG_ENABLE_OBJC_ARC = YES;
				CLANG_ENABLE_OBJC_WEAK = YES;
				CLANG_WARN_BLOCK_CAPTURE_AUTORELEASING = YES;
				CLANG_WARN_BOOL_CONVERSION = YES;
				CLANG_WARN_COMMA = YES;
				CLANG_WARN_CONSTANT_CONVERSION = YES;
				CLANG_WARN_DEPRECATED_OBJC_IMPLEMENTATIONS = YES;
				CLANG_WARN_DIRECT_OBJC_ISA_USAGE = YES_ERROR;
				CLANG_WARN_DOCUMENTATION_COMMENTS = YES;
				CLANG_WARN_EMPTY_BODY = YES;
				CLANG_WARN_ENUM_CONVERSION = YES;
				CLANG_WARN_INFINITE_RECURSION = YES;
				CLANG_WARN_INT_CONVERSION = YES;
				CLANG_WARN_NON_LITERAL_NULL_CONVERSION = YES;
				CLANG_WARN_OBJC_IMPLICIT_RETAIN_SELF = YES;
				CLANG_WARN_OBJC_LITERAL_CONVERSION = YES;
				CLANG_WARN_OBJC_ROOT_CLASS = YES_ERROR;
				CLANG_WARN_QUOTED_INCLUDE_IN_FRAMEWORK_HEADER = YES;
				CLANG_WARN_RANGE_LOOP_ANALYSIS = YES;
				CLANG_WARN_STRICT_PROTOTYPES = YES;
				CLANG_WARN_SUSPICIOUS_MOVE = YES;
				CLANG_WARN_UNGUARDED_AVAILABILITY = YES_AGGRESSIVE;
				CLANG_WARN_UNREACHABLE_CODE = YES;
				CLANG_WARN__DUPLICATE_METHOD_MATCH = YES;
				COPY_PHASE_STRIP = NO;
				DEBUG_INFORMATION_FORMAT = dwarf;
				ENABLE_STRICT_OBJC_MSGSEND = YES;
				ENABLE_TESTABILITY = YES;
				GCC_C_LANGUAGE_STANDARD = gnu11;
				GCC_DYNAMIC_NO_PIC = NO;
				GCC_NO_COMMON_BLOCKS = YES;
				GCC_OPTIMIZATION_LEVEL = 0;
				GCC_PREPROCESSOR_DEFINITIONS = (
					"DEBUG=1",
					"$(inherited)",
				);
				GCC_WARN_64_TO_32_BIT_CONVERSION = YES;
				GCC_WARN_ABOUT_RETURN_TYPE = YES_ERROR;
				GCC_WARN_UNDECLARED_SELECTOR = YES;
				GCC_WARN_UNINITIALIZED_AUTOS = YES_AGGRESSIVE;
				GCC_WARN_UNUSED_FUNCTION = YES;
				GCC_WARN_UNUSED_VARIABLE = YES;
				IPHONEOS_DEPLOYMENT_TARGET = 16.2;
				MTL_ENABLE_DEBUG_INFO = INCLUDE_SOURCE;
				MTL_FAST_MATH = YES;
				ONLY_ACTIVE_ARCH = YES;
				SDKROOT = iphoneos;
				SWIFT_ACTIVE_COMPILATION_CONDITIONS = DEBUG;
				SWIFT_OPTIMIZATION_LEVEL = "-Onone";
			};
			name = Debug;
		};
		9DF4DA3E294C801D0026C42E /* Release */ = {
			isa = XCBuildConfiguration;
			buildSettings = {
				ALWAYS_SEARCH_USER_PATHS = NO;
				CLANG_ANALYZER_NONNULL = YES;
				CLANG_ANALYZER_NUMBER_OBJECT_CONVERSION = YES_AGGRESSIVE;
				CLANG_CXX_LANGUAGE_STANDARD = "gnu++20";
				CLANG_ENABLE_MODULES = YES;
				CLANG_ENABLE_OBJC_ARC = YES;
				CLANG_ENABLE_OBJC_WEAK = YES;
				CLANG_WARN_BLOCK_CAPTURE_AUTORELEASING = YES;
				CLANG_WARN_BOOL_CONVERSION = YES;
				CLANG_WARN_COMMA = YES;
				CLANG_WARN_CONSTANT_CONVERSION = YES;
				CLANG_WARN_DEPRECATED_OBJC_IMPLEMENTATIONS = YES;
				CLANG_WARN_DIRECT_OBJC_ISA_USAGE = YES_ERROR;
				CLANG_WARN_DOCUMENTATION_COMMENTS = YES;
				CLANG_WARN_EMPTY_BODY = YES;
				CLANG_WARN_ENUM_CONVERSION = YES;
				CLANG_WARN_INFINITE_RECURSION = YES;
				CLANG_WARN_INT_CONVERSION = YES;
				CLANG_WARN_NON_LITERAL_NULL_CONVERSION = YES;
				CLANG_WARN_OBJC_IMPLICIT_RETAIN_SELF = YES;
				CLANG_WARN_OBJC_LITERAL_CONVERSION = YES;
				CLANG_WARN_OBJC_ROOT_CLASS = YES_ERROR;
				CLANG_WARN_QUOTED_INCLUDE_IN_FRAMEWORK_HEADER = YES;
				CLANG_WARN_RANGE_LOOP_ANALYSIS = YES;
				CLANG_WARN_STRICT_PROTOTYPES = YES;
				CLANG_WARN_SUSPICIOUS_MOVE = YES;
				CLANG_WARN_UNGUARDED_AVAILABILITY = YES_AGGRESSIVE;
				CLANG_WARN_UNREACHABLE_CODE = YES;
				CLANG_WARN__DUPLICATE_METHOD_MATCH = YES;
				COPY_PHASE_STRIP = NO;
				DEBUG_INFORMATION_FORMAT = "dwarf-with-dsym";
				ENABLE_NS_ASSERTIONS = NO;
				ENABLE_STRICT_OBJC_MSGSEND = YES;
				GCC_C_LANGUAGE_STANDARD = gnu11;
				GCC_NO_COMMON_BLOCKS = YES;
				GCC_WARN_64_TO_32_BIT_CONVERSION = YES;
				GCC_WARN_ABOUT_RETURN_TYPE = YES_ERROR;
				GCC_WARN_UNDECLARED_SELECTOR = YES;
				GCC_WARN_UNINITIALIZED_AUTOS = YES_AGGRESSIVE;
				GCC_WARN_UNUSED_FUNCTION = YES;
				GCC_WARN_UNUSED_VARIABLE = YES;
				IPHONEOS_DEPLOYMENT_TARGET = 16.2;
				MTL_ENABLE_DEBUG_INFO = NO;
				MTL_FAST_MATH = YES;
				SDKROOT = iphoneos;
				SWIFT_COMPILATION_MODE = wholemodule;
				SWIFT_OPTIMIZATION_LEVEL = "-O";
				VALIDATE_PRODUCT = YES;
			};
			name = Release;
		};
		9DF4DA40294C801D0026C42E /* Debug */ = {
			isa = XCBuildConfiguration;
			buildSettings = {
				ASSETCATALOG_COMPILER_APPICON_NAME = AppIcon;
				ASSETCATALOG_COMPILER_GLOBAL_ACCENT_COLOR_NAME = AccentColor;
				CODE_SIGN_STYLE = Automatic;
				CURRENT_PROJECT_VERSION = 1;
				DEVELOPMENT_TEAM = B76Q6KN467;
				GENERATE_INFOPLIST_FILE = YES;
				INFOPLIST_FILE = "iTunes App/App/Plists/Info.plist";
				INFOPLIST_KEY_LSApplicationCategoryType = "public.app-category.music";
				INFOPLIST_KEY_UIApplicationSupportsIndirectInputEvents = YES;
				INFOPLIST_KEY_UILaunchStoryboardName = LaunchScreen;
				INFOPLIST_KEY_UIStatusBarStyle = "";
				INFOPLIST_KEY_UISupportedInterfaceOrientations = UIInterfaceOrientationPortrait;
				INFOPLIST_KEY_UISupportedInterfaceOrientations_iPad = "UIInterfaceOrientationLandscapeLeft UIInterfaceOrientationLandscapeRight UIInterfaceOrientationPortrait UIInterfaceOrientationPortraitUpsideDown";
				LD_RUNPATH_SEARCH_PATHS = (
					"$(inherited)",
					"@executable_path/Frameworks",
				);
				MARKETING_VERSION = 0.1;
				PRODUCT_BUNDLE_IDENTIFIER = "com.omerfkzr.iTunes-App";
				PRODUCT_NAME = "$(TARGET_NAME)";
				SUPPORTED_PLATFORMS = "iphoneos iphonesimulator";
				SUPPORTS_MACCATALYST = NO;
				SUPPORTS_MAC_DESIGNED_FOR_IPHONE_IPAD = NO;
				SWIFT_EMIT_LOC_STRINGS = YES;
				SWIFT_VERSION = 5.0;
				TARGETED_DEVICE_FAMILY = 1;
			};
			name = Debug;
		};
		9DF4DA41294C801D0026C42E /* Release */ = {
			isa = XCBuildConfiguration;
			buildSettings = {
				ASSETCATALOG_COMPILER_APPICON_NAME = AppIcon;
				ASSETCATALOG_COMPILER_GLOBAL_ACCENT_COLOR_NAME = AccentColor;
				CODE_SIGN_STYLE = Automatic;
				CURRENT_PROJECT_VERSION = 1;
				DEVELOPMENT_TEAM = B76Q6KN467;
				GENERATE_INFOPLIST_FILE = YES;
				INFOPLIST_FILE = "iTunes App/App/Plists/Info.plist";
				INFOPLIST_KEY_LSApplicationCategoryType = "public.app-category.music";
				INFOPLIST_KEY_UIApplicationSupportsIndirectInputEvents = YES;
				INFOPLIST_KEY_UILaunchStoryboardName = LaunchScreen;
				INFOPLIST_KEY_UIStatusBarStyle = "";
				INFOPLIST_KEY_UISupportedInterfaceOrientations = UIInterfaceOrientationPortrait;
				INFOPLIST_KEY_UISupportedInterfaceOrientations_iPad = "UIInterfaceOrientationLandscapeLeft UIInterfaceOrientationLandscapeRight UIInterfaceOrientationPortrait UIInterfaceOrientationPortraitUpsideDown";
				LD_RUNPATH_SEARCH_PATHS = (
					"$(inherited)",
					"@executable_path/Frameworks",
				);
				MARKETING_VERSION = 0.1;
				PRODUCT_BUNDLE_IDENTIFIER = "com.omerfkzr.iTunes-App";
				PRODUCT_NAME = "$(TARGET_NAME)";
				SUPPORTED_PLATFORMS = "iphoneos iphonesimulator";
				SUPPORTS_MACCATALYST = NO;
				SUPPORTS_MAC_DESIGNED_FOR_IPHONE_IPAD = NO;
				SWIFT_EMIT_LOC_STRINGS = YES;
				SWIFT_VERSION = 5.0;
				TARGETED_DEVICE_FAMILY = 1;
			};
			name = Release;
		};
/* End XCBuildConfiguration section */

/* Begin XCConfigurationList section */
		9DF4DA26294C801C0026C42E /* Build configuration list for PBXProject "iTunes App" */ = {
			isa = XCConfigurationList;
			buildConfigurations = (
				9DF4DA3D294C801D0026C42E /* Debug */,
				9DF4DA3E294C801D0026C42E /* Release */,
			);
			defaultConfigurationIsVisible = 0;
			defaultConfigurationName = Release;
		};
		9DF4DA3F294C801D0026C42E /* Build configuration list for PBXNativeTarget "iTunes App" */ = {
			isa = XCConfigurationList;
			buildConfigurations = (
				9DF4DA40294C801D0026C42E /* Debug */,
				9DF4DA41294C801D0026C42E /* Release */,
			);
			defaultConfigurationIsVisible = 0;
			defaultConfigurationName = Release;
		};
/* End XCConfigurationList section */
	};
	rootObject = 9DF4DA23294C801C0026C42E /* Project object */;
}
